---
metadata:
  version: "1.0"
artifacts:
  - download_url: "https://registry.npmjs.org/pnpm/-/pnpm-11.13.0.tgz"
    checksum: "sha256:865c76bd9111a45ca41f6eeed4067ff0ecdfee9eac83aad24179c83ffebe7599"
    filename: "pnpm-11.13.0.tgz"
  - download_url: "https://get.helm.sh/helm-v3.22.0-linux-amd64.tar.gz"
    checksum: "sha256:1e4ab49e429626cf6c6958d914248b78c9730803c2751b87627e171dc800e7bb"
    filename: "helm-linux-amd64.tar.gz"
  - download_url: "https://get.helm.sh/helm-v3.22.0-linux-arm64.tar.gz"
    checksum: "sha256:f14e804dfee240f55525b667488fe9adca349e63e00c9af634c0beb1421ac310"
    filename: "helm-linux-arm64.tar.gz"
  - download_url: "https://github.com/krallin/tini/releases/download/v0.19.0/tini-static-amd64"
    checksum: "sha256:c5b0666b4cb676901f90dfcb37106783c5fe2077b04590973b885950611b30ee"
    filename: "tini-static-amd64"
  - download_url: "https://github.com/krallin/tini/releases/download/v0.19.0/tini-static-arm64"
    checksum: "sha256:eae1d3aa50c48fb23b8cbdf4e369d0910dfc538566bfd09df89a774aa84a48b9"
    filename: "tini-static-arm64"
