---
metadata:
  version: "1.0"
artifacts:
  - download_url: "https://registry.npmjs.org/pnpm/-/pnpm-9.0.3.tgz"
    checksum: "sha256:f5becd4b77fe9150c8d89423612eb413945114bf6dd00fdcb5940434b84731c4"
    filename: "pnpm-9.0.3.tgz"
  - download_url: "https://github.com/grpc-ecosystem/grpc-health-probe/releases/download/v0.4.50/grpc_health_probe-linux-amd64"
    checksum: "sha256:84fb8aa14a6f5467bf12144320e8e91f4e888956c3229efa7da0b8bdb10de8d2"
    filename: "grpc_health_probe-linux-amd64"
  - download_url: "https://github.com/grpc-ecosystem/grpc-health-probe/releases/download/v0.4.50/grpc_health_probe-linux-arm64"
    checksum: "sha256:6cf28a5fa8fae69d71a12800e8702cc3f0465b6f6e804bc4268f868709ca37a5"
    filename: "grpc_health_probe-linux-arm64"
  - download_url: "https://get.helm.sh/helm-v3.21.2-linux-amd64.tar.gz"
    checksum: "sha256:0a745198de24545d0055cd8414bc8d2ba10363ef5f5d38369ea1b399671cc083"
    filename: "helm-linux-amd64.tar.gz"
  - download_url: "https://get.helm.sh/helm-v3.21.2-linux-arm64.tar.gz"
    checksum: "sha256:bbd559fc0547f1d96ccbc68fe4f1cb98f01808f36538139e669369066b781267"
    filename: "helm-linux-arm64.tar.gz"
  - download_url: "https://github.com/krallin/tini/releases/download/v0.19.0/tini-static-amd64"
    checksum: "sha256:c5b0666b4cb676901f90dfcb37106783c5fe2077b04590973b885950611b30ee"
    filename: "tini-static-amd64"
  - download_url: "https://github.com/krallin/tini/releases/download/v0.19.0/tini-static-arm64"
    checksum: "sha256:eae1d3aa50c48fb23b8cbdf4e369d0910dfc538566bfd09df89a774aa84a48b9"
    filename: "tini-static-arm64"
