---
lockfileVersion: 1
lockfileVendor: redhat
arches:
- arch: aarch64
  packages:
  - url: https://packages.redhat.com/api/pulp-content/public-hummingbird/aarch64/Packages/g/gzip-1.14-4.hum1.aarch64.rpm
    repoid: public-hummingbird-aarch64-rpms
    size: 183965
    checksum: sha256:3d936b9eedd18cfebb5f20b5e1e084842e46350774b61612a9f093c9df4d02e2
    name: gzip
    evr: 1.14-4.hum1
    sourcerpm: gzip-1.14-4.hum1.src.rpm
  - url: https://packages.redhat.com/api/pulp-content/public-hummingbird/aarch64/Packages/t/tar-1.35-10.hum1.aarch64.rpm
    repoid: public-hummingbird-aarch64-rpms
    size: 885040
    checksum: sha256:8d6591b20c58f3b3e93ba345b30496406c3d738ce7df104991d7298441b0ddb2
    name: tar
    evr: 2:1.35-10.hum1
    sourcerpm: tar-1.35-10.hum1.src.rpm
  source:
  - url: https://packages.redhat.com/api/pulp-content/public-hummingbird/source/Packages/g/gzip-1.14-4.hum1.src.rpm
    repoid: public-hummingbird-source-rpms
    size: 946401
    checksum: sha256:ca45f604ca718c0b8eecf2a8a0d70466c465ca7b2834fcc4b9afc34387b178f1
    name: gzip
    evr: 1.14-4.hum1
  - url: https://packages.redhat.com/api/pulp-content/public-hummingbird/source/Packages/t/tar-1.35-10.hum1.src.rpm
    repoid: public-hummingbird-source-rpms
    size: 2449010
    checksum: sha256:d8c3c2687ec7d84c883b09ccdba18480bf89ad08184b9de798d5ac6d4bed080f
    name: tar
    evr: 2:1.35-10.hum1
  module_metadata: []
- arch: x86_64
  packages:
  - url: https://packages.redhat.com/api/pulp-content/public-hummingbird/x86_64/Packages/g/gzip-1.14-4.hum1.x86_64.rpm
    repoid: public-hummingbird-x86_64-rpms
    size: 190196
    checksum: sha256:c825ce7d6fc4631817dfba095a722a563315ca96e3ca97f2e7ae009ad77447cc
    name: gzip
    evr: 1.14-4.hum1
    sourcerpm: gzip-1.14-4.hum1.src.rpm
  - url: https://packages.redhat.com/api/pulp-content/public-hummingbird/x86_64/Packages/t/tar-1.35-10.hum1.x86_64.rpm
    repoid: public-hummingbird-x86_64-rpms
    size: 898722
    checksum: sha256:22805e5ac01e2ec36ba66a7efb77d04581f17f3986928c82b9429d7143bda114
    name: tar
    evr: 2:1.35-10.hum1
    sourcerpm: tar-1.35-10.hum1.src.rpm
  source:
  - url: https://packages.redhat.com/api/pulp-content/public-hummingbird/source/Packages/g/gzip-1.14-4.hum1.src.rpm
    repoid: public-hummingbird-source-rpms
    size: 946401
    checksum: sha256:ca45f604ca718c0b8eecf2a8a0d70466c465ca7b2834fcc4b9afc34387b178f1
    name: gzip
    evr: 1.14-4.hum1
  - url: https://packages.redhat.com/api/pulp-content/public-hummingbird/source/Packages/t/tar-1.35-10.hum1.src.rpm
    repoid: public-hummingbird-source-rpms
    size: 2449010
    checksum: sha256:d8c3c2687ec7d84c883b09ccdba18480bf89ad08184b9de798d5ac6d4bed080f
    name: tar
    evr: 2:1.35-10.hum1
  module_metadata: []
